
Microsoft Visual Studio Solution File, Format Version 12.00
# Visual Studio Version 17
VisualStudioVersion = 17.4.33103.184
MinimumVisualStudioVersion = 10.0.40219.1
Project("{FAE04EC0-301F-11D3-BF4B-00C04F79EFBC}") = "PetAdoptionBLL", "PetAdoptionBLL\PetAdoptionBLL.csproj", "{4C7D13B3-5054-4AF0-988C-FCA73181DCCD}"
EndProject
Project("{FAE04EC0-301F-11D3-BF4B-00C04F79EFBC}") = "PetAdoptionDAL", "..\PetAdoptionDAL\PetAdoptionDAL.csproj", "{593FDC81-AFBC-4299-8390-72B7D8675F13}"
EndProject
Project("{FAE04EC0-301F-11D3-BF4B-00C04F79EFBC}") = "PetAdoptionModel", "..\PetAdoptionModel\PetAdoptionModel.csproj", "{4A4A5A8C-3443-4753-8AC2-0855D6387C12}"
EndProject
Project("{FAE04EC0-301F-11D3-BF4B-00C04F79EFBC}") = "PetAdoptionUtility", "..\PetAdoptionUtility\PetAdoptionUtility.csproj", "{69005E99-2D80-45C9-A61D-F4951066C8C3}"
EndProject
Project("{FAE04EC0-301F-11D3-BF4B-00C04F79EFBC}") = "PetAdoptionWinForm", "..\PetAdoptionWinForm\PetAdoptionWinForm.csproj", "{1C07A34A-58C2-4252-9825-6C59FA30CCC3}"
EndProject
Global
	GlobalSection(SolutionConfigurationPlatforms) = preSolution
		Debug|Any CPU = Debug|Any CPU
		Release|Any CPU = Release|Any CPU
	EndGlobalSection
	GlobalSection(ProjectConfigurationPlatforms) = postSolution
		{4C7D13B3-5054-4AF0-988C-FCA73181DCCD}.Debug|Any CPU.ActiveCfg = Debug|Any CPU
		{4C7D13B3-5054-4AF0-988C-FCA73181DCCD}.Debug|Any CPU.Build.0 = Debug|Any CPU
		{4C7D13B3-5054-4AF0-988C-FCA73181DCCD}.Release|Any CPU.ActiveCfg = Release|Any CPU
		{4C7D13B3-5054-4AF0-988C-FCA73181DCCD}.Release|Any CPU.Build.0 = Release|Any CPU
		{593FDC81-AFBC-4299-8390-72B7D8675F13}.Debug|Any CPU.ActiveCfg = Debug|Any CPU
		{593FDC81-AFBC-4299-8390-72B7D8675F13}.Debug|Any CPU.Build.0 = Debug|Any CPU
		{593FDC81-AFBC-4299-8390-72B7D8675F13}.Release|Any CPU.ActiveCfg = Release|Any CPU
		{593FDC81-AFBC-4299-8390-72B7D8675F13}.Release|Any CPU.Build.0 = Release|Any CPU
		{4A4A5A8C-3443-4753-8AC2-0855D6387C12}.Debug|Any CPU.ActiveCfg = Debug|Any CPU
		{4A4A5A8C-3443-4753-8AC2-0855D6387C12}.Debug|Any CPU.Build.0 = Debug|Any CPU
		{4A4A5A8C-3443-4753-8AC2-0855D6387C12}.Release|Any CPU.ActiveCfg = Release|Any CPU
		{4A4A5A8C-3443-4753-8AC2-0855D6387C12}.Release|Any CPU.Build.0 = Release|Any CPU
		{69005E99-2D80-45C9-A61D-F4951066C8C3}.Debug|Any CPU.ActiveCfg = Debug|Any CPU
		{69005E99-2D80-45C9-A61D-F4951066C8C3}.Debug|Any CPU.Build.0 = Debug|Any CPU
		{69005E99-2D80-45C9-A61D-F4951066C8C3}.Release|Any CPU.ActiveCfg = Release|Any CPU
		{69005E99-2D80-45C9-A61D-F4951066C8C3}.Release|Any CPU.Build.0 = Release|Any CPU
		{1C07A34A-58C2-4252-9825-6C59FA30CCC3}.Debug|Any CPU.ActiveCfg = Debug|Any CPU
		{1C07A34A-58C2-4252-9825-6C59FA30CCC3}.Debug|Any CPU.Build.0 = Debug|Any CPU
		{1C07A34A-58C2-4252-9825-6C59FA30CCC3}.Release|Any CPU.ActiveCfg = Release|Any CPU
		{1C07A34A-58C2-4252-9825-6C59FA30CCC3}.Release|Any CPU.Build.0 = Release|Any CPU
	EndGlobalSection
	GlobalSection(SolutionProperties) = preSolution
		HideSolutionNode = FALSE
	EndGlobalSection
	GlobalSection(ExtensibilityGlobals) = postSolution
		SolutionGuid = {CC7B2000-964B-4C5D-A6C7-5C5A435B6EA9}
	EndGlobalSection
EndGlobal
