
Microsoft Visual Studio Solution File, Format Version 12.00
# Visual Studio Version 17
VisualStudioVersion = 17.4.33103.184
MinimumVisualStudioVersion = 10.0.40219.1
Project("{9A19103F-16F7-4668-BE54-9A1E7A4F7556}") = "InitDB", "InitDB.csproj", "{C6F007B5-7FD2-4C73-AE19-57BA96067C2A}"
EndProject
Global
	GlobalSection(SolutionConfigurationPlatforms) = preSolution
		Debug|Any CPU = Debug|Any CPU
		Release|Any CPU = Release|Any CPU
	EndGlobalSection
	GlobalSection(ProjectConfigurationPlatforms) = postSolution
		{C6F007B5-7FD2-4C73-AE19-57BA96067C2A}.Debug|Any CPU.ActiveCfg = Debug|Any CPU
		{C6F007B5-7FD2-4C73-AE19-57BA96067C2A}.Debug|Any CPU.Build.0 = Debug|Any CPU
		{C6F007B5-7FD2-4C73-AE19-57BA96067C2A}.Release|Any CPU.ActiveCfg = Release|Any CPU
		{C6F007B5-7FD2-4C73-AE19-57BA96067C2A}.Release|Any CPU.Build.0 = Release|Any CPU
	EndGlobalSection
	GlobalSection(SolutionProperties) = preSolution
		HideSolutionNode = FALSE
	EndGlobalSection
	GlobalSection(ExtensibilityGlobals) = postSolution
		SolutionGuid = {4EDE3F82-D0BB-4C9A-914C-17A5DC5B4121}
	EndGlobalSection
EndGlobal
